
Microsoft Visual Studio Solution File, Format Version 12.00
# Visual Studio 15
VisualStudioVersion = 15.0.26730.12
MinimumVisualStudioVersion = 10.0.40219.1
Project("{9A19103F-16F7-4668-BE54-9A1E7A4F7556}") = "Lab5", "Lab5\Lab5.csproj", "{12C40B40-3B6F-451D-BBC4-0EEA233F62E3}"
EndProject
Global
	GlobalSection(SolutionConfigurationPlatforms) = preSolution
		Debug|Any CPU = Debug|Any CPU
		Release|Any CPU = Release|Any CPU
	EndGlobalSection
	GlobalSection(ProjectConfigurationPlatforms) = postSolution
		{12C40B40-3B6F-451D-BBC4-0EEA233F62E3}.Debug|Any CPU.ActiveCfg = Debug|Any CPU
		{12C40B40-3B6F-451D-BBC4-0EEA233F62E3}.Debug|Any CPU.Build.0 = Debug|Any CPU
		{12C40B40-3B6F-451D-BBC4-0EEA233F62E3}.Release|Any CPU.ActiveCfg = Release|Any CPU
		{12C40B40-3B6F-451D-BBC4-0EEA233F62E3}.Release|Any CPU.Build.0 = Release|Any CPU
	EndGlobalSection
	GlobalSection(SolutionProperties) = preSolution
		HideSolutionNode = FALSE
	EndGlobalSection
	GlobalSection(ExtensibilityGlobals) = postSolution
		SolutionGuid = {8A385543-FE98-4E11-9C9A-5A09B2F4DAD3}
	EndGlobalSection
EndGlobal
